
Microsoft Visual Studio Solution File, Format Version 12.00
# Visual Studio 14
VisualStudioVersion = 14.0.25420.1
MinimumVisualStudioVersion = 10.0.40219.1
Project("{D2ABAB84-BF74-430A-B69E-9DC6D40DDA17}") = "jomccal_mdm1", "jomccal_mdm1\jomccal_mdm1.dwproj", "{27927D32-EC1A-411C-AFFA-F3039D50150C}"
EndProject
Global
	GlobalSection(SolutionConfigurationPlatforms) = preSolution
		Development|Default = Development|Default
	EndGlobalSection
	GlobalSection(ProjectConfigurationPlatforms) = postSolution
		{27927D32-EC1A-411C-AFFA-F3039D50150C}.Development|Default.ActiveCfg = Development
		{27927D32-EC1A-411C-AFFA-F3039D50150C}.Development|Default.Build.0 = Development
		{27927D32-EC1A-411C-AFFA-F3039D50150C}.Development|Default.Deploy.0 = Development
	EndGlobalSection
	GlobalSection(SolutionProperties) = preSolution
		HideSolutionNode = FALSE
	EndGlobalSection
EndGlobal
